
Microsoft Visual Studio Solution File, Format Version 12.00
# Visual Studio Version 16
VisualStudioVersion = 16.0.31410.357
MinimumVisualStudioVersion = 10.0.40219.1
Project("{FAE04EC0-301F-11D3-BF4B-00C04F79EFBC}") = "CardApp", "CardApp\CardApp.csproj", "{75192946-F45B-469C-8A93-7ECECDCEC175}"
EndProject
Global
	GlobalSection(SolutionConfigurationPlatforms) = preSolution
		Debug|Any CPU = Debug|Any CPU
		Release|Any CPU = Release|Any CPU
	EndGlobalSection
	GlobalSection(ProjectConfigurationPlatforms) = postSolution
		{75192946-F45B-469C-8A93-7ECECDCEC175}.Debug|Any CPU.ActiveCfg = Debug|Any CPU
		{75192946-F45B-469C-8A93-7ECECDCEC175}.Debug|Any CPU.Build.0 = Debug|Any CPU
		{75192946-F45B-469C-8A93-7ECECDCEC175}.Release|Any CPU.ActiveCfg = Release|Any CPU
		{75192946-F45B-469C-8A93-7ECECDCEC175}.Release|Any CPU.Build.0 = Release|Any CPU
	EndGlobalSection
	GlobalSection(SolutionProperties) = preSolution
		HideSolutionNode = FALSE
	EndGlobalSection
	GlobalSection(ExtensibilityGlobals) = postSolution
		SolutionGuid = {02DC09BF-69F4-40FE-B44B-5917076C94CC}
	EndGlobalSection
EndGlobal
